
Microsoft Visual Studio Solution File, Format Version 12.00
# Visual Studio 15
VisualStudioVersion = 15.0.27130.2020
MinimumVisualStudioVersion = 10.0.40219.1
Project("{FAE04EC0-301F-11D3-BF4B-00C04F79EFBC}") = "SimpleCSharpCompiler", "SimpleCSharpCompiler\SimpleCSharpCompiler.csproj", "{CC85118A-5875-46B1-8216-DC0DE8DB5543}"
EndProject
Project("{FAE04EC0-301F-11D3-BF4B-00C04F79EFBC}") = "SimpleCSharpCompiler.Tests", "SimpleCSharpCompiler.Tests\SimpleCSharpCompiler.Tests.csproj", "{586B70F9-A932-484E-8774-624FBAB8822A}"
EndProject
Project("{FAE04EC0-301F-11D3-BF4B-00C04F79EFBC}") = "CSharpCompiler.Tests", "scsc.Tests\CSharpCompiler.Tests.csproj", "{EEDE3BBA-1814-4D66-9AEE-05EC86514803}"
EndProject
Global
	GlobalSection(SolutionConfigurationPlatforms) = preSolution
		Debug|Any CPU = Debug|Any CPU
		Debug|x86 = Debug|x86
		Release|Any CPU = Release|Any CPU
		Release|x86 = Release|x86
	EndGlobalSection
	GlobalSection(ProjectConfigurationPlatforms) = postSolution
		{CC85118A-5875-46B1-8216-DC0DE8DB5543}.Debug|Any CPU.ActiveCfg = Debug|Any CPU
		{CC85118A-5875-46B1-8216-DC0DE8DB5543}.Debug|Any CPU.Build.0 = Debug|Any CPU
		{CC85118A-5875-46B1-8216-DC0DE8DB5543}.Debug|x86.ActiveCfg = Debug|Any CPU
		{CC85118A-5875-46B1-8216-DC0DE8DB5543}.Debug|x86.Build.0 = Debug|Any CPU
		{CC85118A-5875-46B1-8216-DC0DE8DB5543}.Release|Any CPU.ActiveCfg = Release|Any CPU
		{CC85118A-5875-46B1-8216-DC0DE8DB5543}.Release|Any CPU.Build.0 = Release|Any CPU
		{CC85118A-5875-46B1-8216-DC0DE8DB5543}.Release|x86.ActiveCfg = Release|Any CPU
		{CC85118A-5875-46B1-8216-DC0DE8DB5543}.Release|x86.Build.0 = Release|Any CPU
		{586B70F9-A932-484E-8774-624FBAB8822A}.Debug|Any CPU.ActiveCfg = Debug|Any CPU
		{586B70F9-A932-484E-8774-624FBAB8822A}.Debug|Any CPU.Build.0 = Debug|Any CPU
		{586B70F9-A932-484E-8774-624FBAB8822A}.Debug|x86.ActiveCfg = Debug|Any CPU
		{586B70F9-A932-484E-8774-624FBAB8822A}.Debug|x86.Build.0 = Debug|Any CPU
		{586B70F9-A932-484E-8774-624FBAB8822A}.Release|Any CPU.ActiveCfg = Release|Any CPU
		{586B70F9-A932-484E-8774-624FBAB8822A}.Release|Any CPU.Build.0 = Release|Any CPU
		{586B70F9-A932-484E-8774-624FBAB8822A}.Release|x86.ActiveCfg = Release|Any CPU
		{586B70F9-A932-484E-8774-624FBAB8822A}.Release|x86.Build.0 = Release|Any CPU
		{EEDE3BBA-1814-4D66-9AEE-05EC86514803}.Debug|Any CPU.ActiveCfg = Debug|x86
		{EEDE3BBA-1814-4D66-9AEE-05EC86514803}.Debug|x86.ActiveCfg = Debug|x86
		{EEDE3BBA-1814-4D66-9AEE-05EC86514803}.Debug|x86.Build.0 = Debug|x86
		{EEDE3BBA-1814-4D66-9AEE-05EC86514803}.Release|Any CPU.ActiveCfg = Release|x86
		{EEDE3BBA-1814-4D66-9AEE-05EC86514803}.Release|x86.ActiveCfg = Release|x86
		{EEDE3BBA-1814-4D66-9AEE-05EC86514803}.Release|x86.Build.0 = Release|x86
	EndGlobalSection
	GlobalSection(SolutionProperties) = preSolution
		HideSolutionNode = FALSE
	EndGlobalSection
	GlobalSection(ExtensibilityGlobals) = postSolution
		SolutionGuid = {8A9FFDC4-C63E-4846-9A56-86A0FCE486C4}
	EndGlobalSection
EndGlobal
